{
  "requires": true,
  "lockfileVersion": 1,
  "dependencies": {
    "node-gyp-build": {
      "version": "4.6.0",
      "resolved": "https://registry.npmjs.org/node-gyp-build/-/node-gyp-build-4.6.0.tgz",
      "integrity": "sha512-NTZVKn9IylLwUzaKjkas1e4u2DLNcV4rdYagA4PWdPwW87Bi7z+BznyKSRwS/761tV/lzCGXplWsiaMjLqP2zQ=="
    },
    "sodium-native": {
      "version": "4.0.1",
      "resolved": "https://registry.npmjs.org/sodium-native/-/sodium-native-4.0.1.tgz",
      "integrity": "sha512-OQTaxrVLtMvrnfcwZVsOTHe58MfDApJiHJNoOwcmmrhwvlYkfaUt2WuzRio8PgEMOd96R5aDHY49DCtock1zsA==",
      "requires": {
        "node-gyp-build": "^4.3.0"
      }
    }
  }
}
